{
    "compileClasspath": {
        "test.nebula:a": {
            "locked": "1.0.0"
        },
        "test.nebula:b": {
            "locked": "1.2.0"
        }
    },
    "runtimeClasspath": {
        "test.nebula:a": {
            "locked": "1.0.0"
        },
        "test.nebula:b": {
            "locked": "1.2.0"
        }
    },
    "testCompileClasspath": {
        "test.nebula:a": {
            "locked": "1.0.0"
        },
        "test.nebula:b": {
            "locked": "1.2.0"
        }
    },
    "testRuntimeClasspath": {
        "test.nebula:a": {
            "locked": "1.0.0"
        },
        "test.nebula:b": {
            "locked": "1.2.0"
        }
    }
}