# This is a Gradle generated file for dependency locking.
# Manual edits can break the build and are not advised.
# This file is expected to be part of source control.
com.google.protobuf:protobuf-java-util:3.7.1=configA
com.google.protobuf:protobuf-java:3.11.1=runtimeClasspath,testRuntimeClasspath
com.google.protobuf:protobuf-java:3.7.1=configA
com.nebula.gen:p:4.0.0-SNAPSHOT=compileClasspath,configA,runtimeClasspath,testCompileClasspath,testRuntimeClasspath
com.nebula.jax:j-e-p:1.7=compileClasspath,configD,runtimeClasspath,testCompileClasspath,testRuntimeClasspath
com.nebula.spring:c-m:2.3.54=compileClasspath,configD,runtimeClasspath,testCompileClasspath,testRuntimeClasspath
nebula.com.proto:p-j-n:3.11.1=compileClasspath,configC,runtimeClasspath,testCompileClasspath,testRuntimeClasspath
nebula.com.proto:p-j-n:3.7.2=configD
nebula.com.proto:p-j-u-n:3.11.1=compileClasspath,runtimeClasspath,testCompileClasspath,testRuntimeClasspath
nebula.com.proto:p-j-u-n:3.7.2=configD
nebula.z.a:m-c:1.256.0=compileClasspath,configD,runtimeClasspath,testCompileClasspath,testRuntimeClasspath
nebula.z.a:m-d:1.256.0=compileClasspath,configD,runtimeClasspath,testCompileClasspath,testRuntimeClasspath
nebula.z.a:m-i-c:1.256.0=compileClasspath,configD,runtimeClasspath,testCompileClasspath,testRuntimeClasspath
nebula.z.a:m-i:1.256.0=compileClasspath,configD,runtimeClasspath,testCompileClasspath,testRuntimeClasspath
nebula.z.b:p-j-c:0.49.0=compileClasspath,configD,runtimeClasspath,testCompileClasspath,testRuntimeClasspath
nebula.z.c:p-i:4.7.102=configD
nebula.z.c:p-i:4.7.188=compileClasspath,runtimeClasspath,testCompileClasspath,testRuntimeClasspath
nebula.z.c:p-t-z:4.7.188=compileClasspath,runtimeClasspath,testCompileClasspath,testRuntimeClasspath
nebula.z.c:s-c:4.7.102=configD
nebula.z.c:s-c:4.7.188=compileClasspath,configB,runtimeClasspath,testCompileClasspath,testRuntimeClasspath
empty=annotationProcessor,configE,testAnnotationProcessor
